
Microsoft Visual Studio Solution File, Format Version 12.00
# Visual Studio Version 17
VisualStudioVersion = 17.13.35913.81
MinimumVisualStudioVersion = 10.0.40219.1
Project("{FAE04EC0-301F-11D3-BF4B-00C04F79EFBC}") = "CDR-Bank.Libs.API", "CDR-Bank.Libs.API\CDR-Bank.Libs.API.csproj", "{F4A39C10-C950-4036-882C-60893FAF99C7}"
EndProject
Project("{FAE04EC0-301F-11D3-BF4B-00C04F79EFBC}") = "CDR-Bank.Libs.Banking.Contracts", "CDR-Bank.Libs.Banking.Contracts\CDR-Bank.Libs.Banking.Contracts.csproj", "{A33703C1-7160-46F1-920C-4E80F53BE401}"
EndProject
Project("{FAE04EC0-301F-11D3-BF4B-00C04F79EFBC}") = "CDR-Bank.Banking.Services", "CDR-Bank.Banking.Services\CDR-Bank.Banking.Services.csproj", "{43191210-8958-4780-8AD1-4497AB306EA7}"
EndProject
Project("{FAE04EC0-301F-11D3-BF4B-00C04F79EFBC}") = "CDR-Bank.IndentityServer.Services", "CDR-Bank.IndentityServer.Services\CDR-Bank.IndentityServer.Services.csproj", "{E4EA99E7-0580-41BA-B4F3-E4A5A6B34C09}"
EndProject
Project("{FAE04EC0-301F-11D3-BF4B-00C04F79EFBC}") = "CDR-Bank.DataAccess", "CDR-Bank.DataAccess\CDR-Bank.DataAccess.csproj", "{FCE4068E-3B4B-491F-B673-9D535C494B6D}"
EndProject
Project("{2150E333-8FDC-42A3-9474-1A3956D46DE8}") = "Domain", "Domain", "{36D591C7-65C7-A0D1-1CBC-10CDE441BDC8}"
EndProject
Project("{2150E333-8FDC-42A3-9474-1A3956D46DE8}") = "Contracts", "Contracts", "{6E9F03C7-4135-43CD-ACD3-800AFBEB68DA}"
EndProject
Project("{2150E333-8FDC-42A3-9474-1A3956D46DE8}") = "API's", "API's", "{7B44DF6E-40F1-491B-ADDA-8325DF0A9714}"
EndProject
Project("{2150E333-8FDC-42A3-9474-1A3956D46DE8}") = "Lib's", "Lib's", "{8FA4A0E0-F463-4FB9-B5D1-F4F353A1DFF7}"
EndProject
Project("{2150E333-8FDC-42A3-9474-1A3956D46DE8}") = "Services", "Services", "{F9CC1664-2057-4D2C-A47B-CB74DCE160C4}"
EndProject
Global
	GlobalSection(SolutionConfigurationPlatforms) = preSolution
		Debug|Any CPU = Debug|Any CPU
		Release|Any CPU = Release|Any CPU
	EndGlobalSection
	GlobalSection(ProjectConfigurationPlatforms) = postSolution
		{F4A39C10-C950-4036-882C-60893FAF99C7}.Debug|Any CPU.ActiveCfg = Debug|Any CPU
		{F4A39C10-C950-4036-882C-60893FAF99C7}.Debug|Any CPU.Build.0 = Debug|Any CPU
		{F4A39C10-C950-4036-882C-60893FAF99C7}.Release|Any CPU.ActiveCfg = Release|Any CPU
		{F4A39C10-C950-4036-882C-60893FAF99C7}.Release|Any CPU.Build.0 = Release|Any CPU
		{A33703C1-7160-46F1-920C-4E80F53BE401}.Debug|Any CPU.ActiveCfg = Debug|Any CPU
		{A33703C1-7160-46F1-920C-4E80F53BE401}.Debug|Any CPU.Build.0 = Debug|Any CPU
		{A33703C1-7160-46F1-920C-4E80F53BE401}.Release|Any CPU.ActiveCfg = Release|Any CPU
		{A33703C1-7160-46F1-920C-4E80F53BE401}.Release|Any CPU.Build.0 = Release|Any CPU
		{43191210-8958-4780-8AD1-4497AB306EA7}.Debug|Any CPU.ActiveCfg = Debug|Any CPU
		{43191210-8958-4780-8AD1-4497AB306EA7}.Debug|Any CPU.Build.0 = Debug|Any CPU
		{43191210-8958-4780-8AD1-4497AB306EA7}.Release|Any CPU.ActiveCfg = Release|Any CPU
		{43191210-8958-4780-8AD1-4497AB306EA7}.Release|Any CPU.Build.0 = Release|Any CPU
		{E4EA99E7-0580-41BA-B4F3-E4A5A6B34C09}.Debug|Any CPU.ActiveCfg = Debug|Any CPU
		{E4EA99E7-0580-41BA-B4F3-E4A5A6B34C09}.Debug|Any CPU.Build.0 = Debug|Any CPU
		{E4EA99E7-0580-41BA-B4F3-E4A5A6B34C09}.Release|Any CPU.ActiveCfg = Release|Any CPU
		{E4EA99E7-0580-41BA-B4F3-E4A5A6B34C09}.Release|Any CPU.Build.0 = Release|Any CPU
		{FCE4068E-3B4B-491F-B673-9D535C494B6D}.Debug|Any CPU.ActiveCfg = Debug|Any CPU
		{FCE4068E-3B4B-491F-B673-9D535C494B6D}.Debug|Any CPU.Build.0 = Debug|Any CPU
		{FCE4068E-3B4B-491F-B673-9D535C494B6D}.Release|Any CPU.ActiveCfg = Release|Any CPU
		{FCE4068E-3B4B-491F-B673-9D535C494B6D}.Release|Any CPU.Build.0 = Release|Any CPU
	EndGlobalSection
	GlobalSection(SolutionProperties) = preSolution
		HideSolutionNode = FALSE
	EndGlobalSection
	GlobalSection(NestedProjects) = preSolution
		{145201DE-B9BD-4390-BF6D-8E710E6256ED} = {7B44DF6E-40F1-491B-ADDA-8325DF0A9714}
		{F4A39C10-C950-4036-882C-60893FAF99C7} = {8FA4A0E0-F463-4FB9-B5D1-F4F353A1DFF7}
		{A33703C1-7160-46F1-920C-4E80F53BE401} = {6E9F03C7-4135-43CD-ACD3-800AFBEB68DA}
		{43191210-8958-4780-8AD1-4497AB306EA7} = {F9CC1664-2057-4D2C-A47B-CB74DCE160C4}
		{3EF02EE4-196E-4ECD-A334-D8E72E3B42B5} = {7B44DF6E-40F1-491B-ADDA-8325DF0A9714}
		{E4EA99E7-0580-41BA-B4F3-E4A5A6B34C09} = {F9CC1664-2057-4D2C-A47B-CB74DCE160C4}
		{FCE4068E-3B4B-491F-B673-9D535C494B6D} = {36D591C7-65C7-A0D1-1CBC-10CDE441BDC8}
	EndGlobalSection
	GlobalSection(ExtensibilityGlobals) = postSolution
		SolutionGuid = {A4CE0D61-8C54-408A-B79F-988630A69D72}
	EndGlobalSection
EndGlobal
